
Microsoft Visual Studio Solution File, Format Version 12.00
# Visual Studio Version 17
VisualStudioVersion = 17.11.35222.181
MinimumVisualStudioVersion = 10.0.40219.1
Project("{FAE04EC0-301F-11D3-BF4B-00C04F79EFBC}") = "QueryÖvning", "QueryÖvning\QueryÖvning.csproj", "{DD2E0ED7-7FD8-49D3-8ECF-C609E22CDEA5}"
EndProject
Global
	GlobalSection(SolutionConfigurationPlatforms) = preSolution
		Debug|Any CPU = Debug|Any CPU
		Release|Any CPU = Release|Any CPU
	EndGlobalSection
	GlobalSection(ProjectConfigurationPlatforms) = postSolution
		{DD2E0ED7-7FD8-49D3-8ECF-C609E22CDEA5}.Debug|Any CPU.ActiveCfg = Debug|Any CPU
		{DD2E0ED7-7FD8-49D3-8ECF-C609E22CDEA5}.Debug|Any CPU.Build.0 = Debug|Any CPU
		{DD2E0ED7-7FD8-49D3-8ECF-C609E22CDEA5}.Release|Any CPU.ActiveCfg = Release|Any CPU
		{DD2E0ED7-7FD8-49D3-8ECF-C609E22CDEA5}.Release|Any CPU.Build.0 = Release|Any CPU
	EndGlobalSection
	GlobalSection(SolutionProperties) = preSolution
		HideSolutionNode = FALSE
	EndGlobalSection
	GlobalSection(ExtensibilityGlobals) = postSolution
		SolutionGuid = {5C663288-DB9D-48F8-9F5C-3962A0D673F5}
	EndGlobalSection
EndGlobal
